
Microsoft Visual Studio Solution File, Format Version 12.00
# Visual Studio Version 17
VisualStudioVersion = 17.3.32929.385
MinimumVisualStudioVersion = 10.0.40219.1
Project("{FAE04EC0-301F-11D3-BF4B-00C04F79EFBC}") = "Desafio_PrimerosPasos", "Desafio_PrimerosPasos.csproj", "{4FBECB8B-A889-4351-A48A-35B3E708B42D}"
EndProject
Global
	GlobalSection(SolutionConfigurationPlatforms) = preSolution
		Debug|Any CPU = Debug|Any CPU
		Release|Any CPU = Release|Any CPU
	EndGlobalSection
	GlobalSection(ProjectConfigurationPlatforms) = postSolution
		{4FBECB8B-A889-4351-A48A-35B3E708B42D}.Debug|Any CPU.ActiveCfg = Debug|Any CPU
		{4FBECB8B-A889-4351-A48A-35B3E708B42D}.Debug|Any CPU.Build.0 = Debug|Any CPU
		{4FBECB8B-A889-4351-A48A-35B3E708B42D}.Release|Any CPU.ActiveCfg = Release|Any CPU
		{4FBECB8B-A889-4351-A48A-35B3E708B42D}.Release|Any CPU.Build.0 = Release|Any CPU
	EndGlobalSection
	GlobalSection(SolutionProperties) = preSolution
		HideSolutionNode = FALSE
	EndGlobalSection
	GlobalSection(ExtensibilityGlobals) = postSolution
		SolutionGuid = {2BA33AFC-789E-40A7-A96D-F3CE22BA60F7}
	EndGlobalSection
EndGlobal
